
Microsoft Visual Studio Solution File, Format Version 12.00
# Visual Studio 2012
Project("{FAE04EC0-301F-11D3-BF4B-00C04F79EFBC}") = "shadowsocks-csharp", "shadowsocks-csharp\shadowsocks-csharp.csproj", "{8C02D2F7-7CDB-4D55-9F25-CD03EF4AA062}"
EndProject
Project("{FAE04EC0-301F-11D3-BF4B-00C04F79EFBC}") = "test", "test\test.csproj", "{45913187-0685-4903-B250-DCEF0479CD86}"
	ProjectSection(ProjectDependencies) = postProject
		{8C02D2F7-7CDB-4D55-9F25-CD03EF4AA062} = {8C02D2F7-7CDB-4D55-9F25-CD03EF4AA062}
	EndProjectSection
EndProject
Project("{FAE04EC0-301F-11D3-BF4B-00C04F79EFBC}") = "shadowsocks-csharp.model", "shadowsocks-csharp.model\shadowsocks-csharp.model.csproj", "{C829CCDA-A0C6-4509-B602-6F410853248A}"
EndProject
Project("{FAE04EC0-301F-11D3-BF4B-00C04F79EFBC}") = "shadowsocks-csharp.util", "shadowsocks-csharp.util\shadowsocks-csharp.util.csproj", "{114C7346-2F9B-4A97-8CCF-CFED209E7CE5}"
EndProject
Project("{F088123C-0E9E-452A-89E6-6BA2F21D5CAC}") = "shadowsocks-csharp.architecture", "shadowsocks-csharp.architecture\shadowsocks-csharp.architecture.modelproj", "{5BA588A1-0AD3-4502-B76A-FCB5E0C172DC}"
EndProject
Project("{FAE04EC0-301F-11D3-BF4B-00C04F79EFBC}") = "shadowsocks-client", "shadowsocks-client\shadowsocks-client.csproj", "{3F29C92A-81EE-458D-B4BB-361A4A7CEF3A}"
EndProject
Global
	GlobalSection(SolutionConfigurationPlatforms) = preSolution
		Debug|Any CPU = Debug|Any CPU
		Debug|Mixed Platforms = Debug|Mixed Platforms
		Debug|x86 = Debug|x86
		Release|Any CPU = Release|Any CPU
		Release|Mixed Platforms = Release|Mixed Platforms
		Release|x86 = Release|x86
	EndGlobalSection
	GlobalSection(ProjectConfigurationPlatforms) = postSolution
		{8C02D2F7-7CDB-4D55-9F25-CD03EF4AA062}.Debug|Any CPU.ActiveCfg = Debug|x86
		{8C02D2F7-7CDB-4D55-9F25-CD03EF4AA062}.Debug|Mixed Platforms.ActiveCfg = Debug|x86
		{8C02D2F7-7CDB-4D55-9F25-CD03EF4AA062}.Debug|Mixed Platforms.Build.0 = Debug|x86
		{8C02D2F7-7CDB-4D55-9F25-CD03EF4AA062}.Debug|x86.ActiveCfg = Debug|x86
		{8C02D2F7-7CDB-4D55-9F25-CD03EF4AA062}.Debug|x86.Build.0 = Debug|x86
		{8C02D2F7-7CDB-4D55-9F25-CD03EF4AA062}.Debug|x86.Deploy.0 = Debug|x86
		{8C02D2F7-7CDB-4D55-9F25-CD03EF4AA062}.Release|Any CPU.ActiveCfg = Release|x86
		{8C02D2F7-7CDB-4D55-9F25-CD03EF4AA062}.Release|Mixed Platforms.ActiveCfg = Release|x86
		{8C02D2F7-7CDB-4D55-9F25-CD03EF4AA062}.Release|Mixed Platforms.Build.0 = Release|x86
		{8C02D2F7-7CDB-4D55-9F25-CD03EF4AA062}.Release|x86.ActiveCfg = Release|x86
		{8C02D2F7-7CDB-4D55-9F25-CD03EF4AA062}.Release|x86.Build.0 = Release|x86
		{45913187-0685-4903-B250-DCEF0479CD86}.Debug|Any CPU.ActiveCfg = Debug|x86
		{45913187-0685-4903-B250-DCEF0479CD86}.Debug|Mixed Platforms.ActiveCfg = Debug|x86
		{45913187-0685-4903-B250-DCEF0479CD86}.Debug|Mixed Platforms.Build.0 = Debug|x86
		{45913187-0685-4903-B250-DCEF0479CD86}.Debug|x86.ActiveCfg = Debug|x86
		{45913187-0685-4903-B250-DCEF0479CD86}.Debug|x86.Build.0 = Debug|x86
		{45913187-0685-4903-B250-DCEF0479CD86}.Release|Any CPU.ActiveCfg = Release|x86
		{45913187-0685-4903-B250-DCEF0479CD86}.Release|Mixed Platforms.ActiveCfg = Release|x86
		{45913187-0685-4903-B250-DCEF0479CD86}.Release|Mixed Platforms.Build.0 = Release|x86
		{45913187-0685-4903-B250-DCEF0479CD86}.Release|x86.ActiveCfg = Release|x86
		{45913187-0685-4903-B250-DCEF0479CD86}.Release|x86.Build.0 = Release|x86
		{C829CCDA-A0C6-4509-B602-6F410853248A}.Debug|Any CPU.ActiveCfg = Debug|Any CPU
		{C829CCDA-A0C6-4509-B602-6F410853248A}.Debug|Any CPU.Build.0 = Debug|Any CPU
		{C829CCDA-A0C6-4509-B602-6F410853248A}.Debug|Mixed Platforms.ActiveCfg = Debug|Any CPU
		{C829CCDA-A0C6-4509-B602-6F410853248A}.Debug|Mixed Platforms.Build.0 = Debug|Any CPU
		{C829CCDA-A0C6-4509-B602-6F410853248A}.Debug|x86.ActiveCfg = Debug|Any CPU
		{C829CCDA-A0C6-4509-B602-6F410853248A}.Release|Any CPU.ActiveCfg = Release|Any CPU
		{C829CCDA-A0C6-4509-B602-6F410853248A}.Release|Any CPU.Build.0 = Release|Any CPU
		{C829CCDA-A0C6-4509-B602-6F410853248A}.Release|Mixed Platforms.ActiveCfg = Release|Any CPU
		{C829CCDA-A0C6-4509-B602-6F410853248A}.Release|Mixed Platforms.Build.0 = Release|Any CPU
		{C829CCDA-A0C6-4509-B602-6F410853248A}.Release|x86.ActiveCfg = Release|Any CPU
		{114C7346-2F9B-4A97-8CCF-CFED209E7CE5}.Debug|Any CPU.ActiveCfg = Debug|Any CPU
		{114C7346-2F9B-4A97-8CCF-CFED209E7CE5}.Debug|Any CPU.Build.0 = Debug|Any CPU
		{114C7346-2F9B-4A97-8CCF-CFED209E7CE5}.Debug|Mixed Platforms.ActiveCfg = Debug|Any CPU
		{114C7346-2F9B-4A97-8CCF-CFED209E7CE5}.Debug|Mixed Platforms.Build.0 = Debug|Any CPU
		{114C7346-2F9B-4A97-8CCF-CFED209E7CE5}.Debug|x86.ActiveCfg = Debug|Any CPU
		{114C7346-2F9B-4A97-8CCF-CFED209E7CE5}.Release|Any CPU.ActiveCfg = Release|Any CPU
		{114C7346-2F9B-4A97-8CCF-CFED209E7CE5}.Release|Any CPU.Build.0 = Release|Any CPU
		{114C7346-2F9B-4A97-8CCF-CFED209E7CE5}.Release|Mixed Platforms.ActiveCfg = Release|Any CPU
		{114C7346-2F9B-4A97-8CCF-CFED209E7CE5}.Release|Mixed Platforms.Build.0 = Release|Any CPU
		{114C7346-2F9B-4A97-8CCF-CFED209E7CE5}.Release|x86.ActiveCfg = Release|Any CPU
		{5BA588A1-0AD3-4502-B76A-FCB5E0C172DC}.Debug|Any CPU.ActiveCfg = Debug|Any CPU
		{5BA588A1-0AD3-4502-B76A-FCB5E0C172DC}.Debug|Any CPU.Build.0 = Debug|Any CPU
		{5BA588A1-0AD3-4502-B76A-FCB5E0C172DC}.Debug|Mixed Platforms.ActiveCfg = Debug|Any CPU
		{5BA588A1-0AD3-4502-B76A-FCB5E0C172DC}.Debug|Mixed Platforms.Build.0 = Debug|Any CPU
		{5BA588A1-0AD3-4502-B76A-FCB5E0C172DC}.Debug|x86.ActiveCfg = Debug|Any CPU
		{5BA588A1-0AD3-4502-B76A-FCB5E0C172DC}.Release|Any CPU.ActiveCfg = Release|Any CPU
		{5BA588A1-0AD3-4502-B76A-FCB5E0C172DC}.Release|Any CPU.Build.0 = Release|Any CPU
		{5BA588A1-0AD3-4502-B76A-FCB5E0C172DC}.Release|Mixed Platforms.ActiveCfg = Release|Any CPU
		{5BA588A1-0AD3-4502-B76A-FCB5E0C172DC}.Release|Mixed Platforms.Build.0 = Release|Any CPU
		{5BA588A1-0AD3-4502-B76A-FCB5E0C172DC}.Release|x86.ActiveCfg = Release|Any CPU
		{3F29C92A-81EE-458D-B4BB-361A4A7CEF3A}.Debug|Any CPU.ActiveCfg = Debug|Any CPU
		{3F29C92A-81EE-458D-B4BB-361A4A7CEF3A}.Debug|Any CPU.Build.0 = Debug|Any CPU
		{3F29C92A-81EE-458D-B4BB-361A4A7CEF3A}.Debug|Mixed Platforms.ActiveCfg = Debug|Any CPU
		{3F29C92A-81EE-458D-B4BB-361A4A7CEF3A}.Debug|Mixed Platforms.Build.0 = Debug|Any CPU
		{3F29C92A-81EE-458D-B4BB-361A4A7CEF3A}.Debug|x86.ActiveCfg = Debug|Any CPU
		{3F29C92A-81EE-458D-B4BB-361A4A7CEF3A}.Release|Any CPU.ActiveCfg = Release|Any CPU
		{3F29C92A-81EE-458D-B4BB-361A4A7CEF3A}.Release|Any CPU.Build.0 = Release|Any CPU
		{3F29C92A-81EE-458D-B4BB-361A4A7CEF3A}.Release|Mixed Platforms.ActiveCfg = Release|Any CPU
		{3F29C92A-81EE-458D-B4BB-361A4A7CEF3A}.Release|Mixed Platforms.Build.0 = Release|Any CPU
		{3F29C92A-81EE-458D-B4BB-361A4A7CEF3A}.Release|x86.ActiveCfg = Release|Any CPU
	EndGlobalSection
	GlobalSection(SolutionProperties) = preSolution
		HideSolutionNode = FALSE
	EndGlobalSection
EndGlobal
